// !$*UTF8*$!
{
	archiveVersion = 1;
	classes = {
	};
	objectVersion = 50;
	objects = {

/* Begin PBXBuildFile section */
		1C3470DAC5A15FD03D6474AD /* Pods_Graphs.framework in Frameworks */ = {isa = PBXBuildFile; fileRef = E8614FD4DBBE3CA95A709584 /* Pods_Graphs.framework */; };
		2405CD4024E38B590028ADB5 /* ChartModel.swift in Sources */ = {isa = PBXBuildFile; fileRef = 2405CD3F24E38B580028ADB5 /* ChartModel.swift */; };
		2405CD4A24E38F100028ADB5 /* UIColorExtension.swift in Sources */ = {isa = PBXBuildFile; fileRef = 2405CD4924E38F100028ADB5 /* UIColorExtension.swift */; };
		244C5F3E24E2C24E0067A02B /* MyChart.swift in Sources */ = {isa = PBXBuildFile; fileRef = 244C5F3D24E2C24E0067A02B /* MyChart.swift */; };
		24506C9C24E2C10600F5E439 /* AppDelegate.swift in Sources */ = {isa = PBXBuildFile; fileRef = 24506C9B24E2C10600F5E439 /* AppDelegate.swift */; };
		24506C9E24E2C10600F5E439 /* SceneDelegate.swift in Sources */ = {isa = PBXBuildFile; fileRef = 24506C9D24E2C10600F5E439 /* SceneDelegate.swift */; };
		24506CA024E2C10600F5E439 /* ViewController.swift in Sources */ = {isa = PBXBuildFile; fileRef = 24506C9F24E2C10600F5E439 /* ViewController.swift */; };
		24506CA324E2C10600F5E439 /* Main.storyboard in Resources */ = {isa = PBXBuildFile; fileRef = 24506CA124E2C10600F5E439 /* Main.storyboard */; };
		24506CA524E2C10F00F5E439 /* Assets.xcassets in Resources */ = {isa = PBXBuildFile; fileRef = 24506CA424E2C10F00F5E439 /* Assets.xcassets */; };
		24506CA824E2C10F00F5E439 /* LaunchScreen.storyboard in Resources */ = {isa = PBXBuildFile; fileRef = 24506CA624E2C10F00F5E439 /* LaunchScreen.storyboard */; };
/* End PBXBuildFile section */

/* Begin PBXFileReference section */
		2405CD3F24E38B580028ADB5 /* ChartModel.swift */ = {isa = PBXFileReference; lastKnownFileType = sourcecode.swift; path = ChartModel.swift; sourceTree = "<group>"; };
		2405CD4924E38F100028ADB5 /* UIColorExtension.swift */ = {isa = PBXFileReference; lastKnownFileType = sourcecode.swift; path = UIColorExtension.swift; sourceTree = "<group>"; };
		244C5F3D24E2C24E0067A02B /* MyChart.swift */ = {isa = PBXFileReference; lastKnownFileType = sourcecode.swift; path = MyChart.swift; sourceTree = "<group>"; };
		24506C9824E2C10600F5E439 /* Graphs.app */ = {isa = PBXFileReference; explicitFileType = wrapper.application; includeInIndex = 0; path = Graphs.app; sourceTree = BUILT_PRODUCTS_DIR; };
		24506C9B24E2C10600F5E439 /* AppDelegate.swift */ = {isa = PBXFileReference; lastKnownFileType = sourcecode.swift; path = AppDelegate.swift; sourceTree = "<group>"; };
		24506C9D24E2C10600F5E439 /* SceneDelegate.swift */ = {isa = PBXFileReference; lastKnownFileType = sourcecode.swift; path = SceneDelegate.swift; sourceTree = "<group>"; };
		24506C9F24E2C10600F5E439 /* ViewController.swift */ = {isa = PBXFileReference; lastKnownFileType = sourcecode.swift; path = ViewController.swift; sourceTree = "<group>"; };
		24506CA224E2C10600F5E439 /* Base */ = {isa = PBXFileReference; lastKnownFileType = file.storyboard; name = Base; path = Base.lproj/Main.storyboard; sourceTree = "<group>"; };
		24506CA424E2C10F00F5E439 /* Assets.xcassets */ = {isa = PBXFileReference; lastKnownFileType = folder.assetcatalog; path = Assets.xcassets; sourceTree = "<group>"; };
		24506CA724E2C10F00F5E439 /* Base */ = {isa = PBXFileReference; lastKnownFileType = file.storyboard; name = Base; path = Base.lproj/LaunchScreen.storyboard; sourceTree = "<group>"; };
		24506CA924E2C10F00F5E439 /* Info.plist */ = {isa = PBXFileReference; lastKnownFileType = text.plist.xml; path = Info.plist; sourceTree = "<group>"; };
		261D95856CE15EF3E86ADA03 /* Pods-Graphs.release.xcconfig */ = {isa = PBXFileReference; includeInIndex = 1; lastKnownFileType = text.xcconfig; name = "Pods-Graphs.release.xcconfig"; path = "Target Support Files/Pods-Graphs/Pods-Graphs.release.xcconfig"; sourceTree = "<group>"; };
		A7B5FD928A8112DA44B85F99 /* Pods-Graphs.debug.xcconfig */ = {isa = PBXFileReference; includeInIndex = 1; lastKnownFileType = text.xcconfig; name = "Pods-Graphs.debug.xcconfig"; path = "Target Support Files/Pods-Graphs/Pods-Graphs.debug.xcconfig"; sourceTree = "<group>"; };
		E8614FD4DBBE3CA95A709584 /* Pods_Graphs.framework */ = {isa = PBXFileReference; explicitFileType = wrapper.framework; includeInIndex = 0; path = Pods_Graphs.framework; sourceTree = BUILT_PRODUCTS_DIR; };
/* End PBXFileReference section */

/* Begin PBXFrameworksBuildPhase section */
		24506C9524E2C10600F5E439 /* Frameworks */ = {
			isa = PBXFrameworksBuildPhase;
			buildActionMask = 2147483647;
			files = (
				1C3470DAC5A15FD03D6474AD /* Pods_Graphs.framework in Frameworks */,
			);
			runOnlyForDeploymentPostprocessing = 0;
		};
/* End PBXFrameworksBuildPhase section */

/* Begin PBXGroup section */
		1E357DED17B350B72FA88E32 /* Pods */ = {
			isa = PBXGroup;
			children = (
				A7B5FD928A8112DA44B85F99 /* Pods-Graphs.debug.xcconfig */,
				261D95856CE15EF3E86ADA03 /* Pods-Graphs.release.xcconfig */,
			);
			name = Pods;
			path = Pods;
			sourceTree = "<group>";
		};
		2405CD4124E38D4D0028ADB5 /* Models */ = {
			isa = PBXGroup;
			children = (
				2405CD3F24E38B580028ADB5 /* ChartModel.swift */,
			);
			path = Models;
			sourceTree = "<group>";
		};
		2405CD4224E38D5B0028ADB5 /* Views */ = {
			isa = PBXGroup;
			children = (
				244C5F3D24E2C24E0067A02B /* MyChart.swift */,
			);
			path = Views;
			sourceTree = "<group>";
		};
		2405CD4324E38D630028ADB5 /* Controllers */ = {
			isa = PBXGroup;
			children = (
				24506C9F24E2C10600F5E439 /* ViewController.swift */,
			);
			path = Controllers;
			sourceTree = "<group>";
		};
		2405CD4824E38E420028ADB5 /* Extensions */ = {
			isa = PBXGroup;
			children = (
				2405CD4924E38F100028ADB5 /* UIColorExtension.swift */,
			);
			path = Extensions;
			sourceTree = "<group>";
		};
		24506C8F24E2C10600F5E439 = {
			isa = PBXGroup;
			children = (
				24506C9A24E2C10600F5E439 /* Graphs */,
				24506C9924E2C10600F5E439 /* Products */,
				1E357DED17B350B72FA88E32 /* Pods */,
				40041562560FF1EFB31CB9F0 /* Frameworks */,
			);
			sourceTree = "<group>";
		};
		24506C9924E2C10600F5E439 /* Products */ = {
			isa = PBXGroup;
			children = (
				24506C9824E2C10600F5E439 /* Graphs.app */,
			);
			name = Products;
			sourceTree = "<group>";
		};
		24506C9A24E2C10600F5E439 /* Graphs */ = {
			isa = PBXGroup;
			children = (
				24506C9B24E2C10600F5E439 /* AppDelegate.swift */,
				24506C9D24E2C10600F5E439 /* SceneDelegate.swift */,
				2405CD4324E38D630028ADB5 /* Controllers */,
				2405CD4224E38D5B0028ADB5 /* Views */,
				2405CD4124E38D4D0028ADB5 /* Models */,
				2405CD4824E38E420028ADB5 /* Extensions */,
				24506CA124E2C10600F5E439 /* Main.storyboard */,
				24506CA424E2C10F00F5E439 /* Assets.xcassets */,
				24506CA624E2C10F00F5E439 /* LaunchScreen.storyboard */,
				24506CA924E2C10F00F5E439 /* Info.plist */,
			);
			path = Graphs;
			sourceTree = "<group>";
		};
		40041562560FF1EFB31CB9F0 /* Frameworks */ = {
			isa = PBXGroup;
			children = (
				E8614FD4DBBE3CA95A709584 /* Pods_Graphs.framework */,
			);
			name = Frameworks;
			sourceTree = "<group>";
		};
/* End PBXGroup section */

/* Begin PBXNativeTarget section */
		24506C9724E2C10600F5E439 /* Graphs */ = {
			isa = PBXNativeTarget;
			buildConfigurationList = 24506CAC24E2C10F00F5E439 /* Build configuration list for PBXNativeTarget "Graphs" */;
			buildPhases = (
				0FE1B8CAB4685CF778527B06 /* [CP] Check Pods Manifest.lock */,
				24506C9424E2C10600F5E439 /* Sources */,
				24506C9524E2C10600F5E439 /* Frameworks */,
				24506C9624E2C10600F5E439 /* Resources */,
				3154E581318A77A5A597CA75 /* [CP] Embed Pods Frameworks */,
			);
			buildRules = (
			);
			dependencies = (
			);
			name = Graphs;
			productName = Graphs;
			productReference = 24506C9824E2C10600F5E439 /* Graphs.app */;
			productType = "com.apple.product-type.application";
		};
/* End PBXNativeTarget section */

/* Begin PBXProject section */
		24506C9024E2C10600F5E439 /* Project object */ = {
			isa = PBXProject;
			attributes = {
				LastSwiftUpdateCheck = 1160;
				LastUpgradeCheck = 1160;
				ORGANIZATIONNAME = MG;
				TargetAttributes = {
					24506C9724E2C10600F5E439 = {
						CreatedOnToolsVersion = 11.6;
					};
				};
			};
			buildConfigurationList = 24506C9324E2C10600F5E439 /* Build configuration list for PBXProject "Graphs" */;
			compatibilityVersion = "Xcode 9.3";
			developmentRegion = en;
			hasScannedForEncodings = 0;
			knownRegions = (
				en,
				Base,
			);
			mainGroup = 24506C8F24E2C10600F5E439;
			productRefGroup = 24506C9924E2C10600F5E439 /* Products */;
			projectDirPath = "";
			projectRoot = "";
			targets = (
				24506C9724E2C10600F5E439 /* Graphs */,
			);
		};
/* End PBXProject section */

/* Begin PBXResourcesBuildPhase section */
		24506C9624E2C10600F5E439 /* Resources */ = {
			isa = PBXResourcesBuildPhase;
			buildActionMask = 2147483647;
			files = (
				24506CA824E2C10F00F5E439 /* LaunchScreen.storyboard in Resources */,
				24506CA524E2C10F00F5E439 /* Assets.xcassets in Resources */,
				24506CA324E2C10600F5E439 /* Main.storyboard in Resources */,
			);
			runOnlyForDeploymentPostprocessing = 0;
		};
/* End PBXResourcesBuildPhase section */

/* Begin PBXShellScriptBuildPhase section */
		0FE1B8CAB4685CF778527B06 /* [CP] Check Pods Manifest.lock */ = {
			isa = PBXShellScriptBuildPhase;
			buildActionMask = 2147483647;
			files = (
			);
			inputFileListPaths = (
			);
			inputPaths = (
				"${PODS_PODFILE_DIR_PATH}/Podfile.lock",
				"${PODS_ROOT}/Manifest.lock",
			);
			name = "[CP] Check Pods Manifest.lock";
			outputFileListPaths = (
			);
			outputPaths = (
				"$(DERIVED_FILE_DIR)/Pods-Graphs-checkManifestLockResult.txt",
			);
			runOnlyForDeploymentPostprocessing = 0;
			shellPath = /bin/sh;
			shellScript = "diff \"${PODS_PODFILE_DIR_PATH}/Podfile.lock\" \"${PODS_ROOT}/Manifest.lock\" > /dev/null\nif [ $? != 0 ] ; then\n    # print error to STDERR\n    echo \"error: The sandbox is not in sync with the Podfile.lock. Run 'pod install' or update your CocoaPods installation.\" >&2\n    exit 1\nfi\n# This output is used by Xcode 'outputs' to avoid re-running this script phase.\necho \"SUCCESS\" > \"${SCRIPT_OUTPUT_FILE_0}\"\n";
			showEnvVarsInLog = 0;
		};
		3154E581318A77A5A597CA75 /* [CP] Embed Pods Frameworks */ = {
			isa = PBXShellScriptBuildPhase;
			buildActionMask = 2147483647;
			files = (
			);
			inputFileListPaths = (
				"${PODS_ROOT}/Target Support Files/Pods-Graphs/Pods-Graphs-frameworks-${CONFIGURATION}-input-files.xcfilelist",
			);
			name = "[CP] Embed Pods Frameworks";
			outputFileListPaths = (
				"${PODS_ROOT}/Target Support Files/Pods-Graphs/Pods-Graphs-frameworks-${CONFIGURATION}-output-files.xcfilelist",
			);
			runOnlyForDeploymentPostprocessing = 0;
			shellPath = /bin/sh;
			shellScript = "\"${PODS_ROOT}/Target Support Files/Pods-Graphs/Pods-Graphs-frameworks.sh\"\n";
			showEnvVarsInLog = 0;
		};
/* End PBXShellScriptBuildPhase section */

/* Begin PBXSourcesBuildPhase section */
		24506C9424E2C10600F5E439 /* Sources */ = {
			isa = PBXSourcesBuildPhase;
			buildActionMask = 2147483647;
			files = (
				244C5F3E24E2C24E0067A02B /* MyChart.swift in Sources */,
				24506CA024E2C10600F5E439 /* ViewController.swift in Sources */,
				24506C9C24E2C10600F5E439 /* AppDelegate.swift in Sources */,
				24506C9E24E2C10600F5E439 /* SceneDelegate.swift in Sources */,
				2405CD4024E38B590028ADB5 /* ChartModel.swift in Sources */,
				2405CD4A24E38F100028ADB5 /* UIColorExtension.swift in Sources */,
			);
			runOnlyForDeploymentPostprocessing = 0;
		};
/* End PBXSourcesBuildPhase section */

/* Begin PBXVariantGroup section */
		24506CA124E2C10600F5E439 /* Main.storyboard */ = {
			isa = PBXVariantGroup;
			children = (
				24506CA224E2C10600F5E439 /* Base */,
			);
			name = Main.storyboard;
			sourceTree = "<group>";
		};
		24506CA624E2C10F00F5E439 /* LaunchScreen.storyboard */ = {
			isa = PBXVariantGroup;
			children = (
				24506CA724E2C10F00F5E439 /* Base */,
			);
			name = LaunchScreen.storyboard;
			sourceTree = "<group>";
		};
/* End PBXVariantGroup section */

/* Begin XCBuildConfiguration section */
		24506CAA24E2C10F00F5E439 /* Debug */ = {
			isa = XCBuildConfiguration;
			buildSettings = {
				ALWAYS_SEARCH_USER_PATHS = NO;
				CLANG_ANALYZER_NONNULL = YES;
				CLANG_ANALYZER_NUMBER_OBJECT_CONVERSION = YES_AGGRESSIVE;
				CLANG_CXX_LANGUAGE_STANDARD = "gnu++14";
				CLANG_CXX_LIBRARY = "libc++";
				CLANG_ENABLE_MODULES = YES;
				CLANG_ENABLE_OBJC_ARC = YES;
				CLANG_ENABLE_OBJC_WEAK = YES;
				CLANG_WARN_BLOCK_CAPTURE_AUTORELEASING = YES;
				CLANG_WARN_BOOL_CONVERSION = YES;
				CLANG_WARN_COMMA = YES;
				CLANG_WARN_CONSTANT_CONVERSION = YES;
				CLANG_WARN_DEPRECATED_OBJC_IMPLEMENTATIONS = YES;
				CLANG_WARN_DIRECT_OBJC_ISA_USAGE = YES_ERROR;
				CLANG_WARN_DOCUMENTATION_COMMENTS = YES;
				CLANG_WARN_EMPTY_BODY = YES;
				CLANG_WARN_ENUM_CONVERSION = YES;
				CLANG_WARN_INFINITE_RECURSION = YES;
				CLANG_WARN_INT_CONVERSION = YES;
				CLANG_WARN_NON_LITERAL_NULL_CONVERSION = YES;
				CLANG_WARN_OBJC_IMPLICIT_RETAIN_SELF = YES;
				CLANG_WARN_OBJC_LITERAL_CONVERSION = YES;
				CLANG_WARN_OBJC_ROOT_CLASS = YES_ERROR;
				CLANG_WARN_RANGE_LOOP_ANALYSIS = YES;
				CLANG_WARN_STRICT_PROTOTYPES = YES;
				CLANG_WARN_SUSPICIOUS_MOVE = YES;
				CLANG_WARN_UNGUARDED_AVAILABILITY = YES_AGGRESSIVE;
				CLANG_WARN_UNREACHABLE_CODE = YES;
				CLANG_WARN__DUPLICATE_METHOD_MATCH = YES;
				COPY_PHASE_STRIP = NO;
				DEBUG_INFORMATION_FORMAT = dwarf;
				ENABLE_STRICT_OBJC_MSGSEND = YES;
				ENABLE_TESTABILITY = YES;
				GCC_C_LANGUAGE_STANDARD = gnu11;
				GCC_DYNAMIC_NO_PIC = NO;
				GCC_NO_COMMON_BLOCKS = YES;
				GCC_OPTIMIZATION_LEVEL = 0;
				GCC_PREPROCESSOR_DEFINITIONS = (
					"DEBUG=1",
					"$(inherited)",
				);
				GCC_WARN_64_TO_32_BIT_CONVERSION = YES;
				GCC_WARN_ABOUT_RETURN_TYPE = YES_ERROR;
				GCC_WARN_UNDECLARED_SELECTOR = YES;
				GCC_WARN_UNINITIALIZED_AUTOS = YES_AGGRESSIVE;
				GCC_WARN_UNUSED_FUNCTION = YES;
				GCC_WARN_UNUSED_VARIABLE = YES;
				IPHONEOS_DEPLOYMENT_TARGET = 13.6;
				MTL_ENABLE_DEBUG_INFO = INCLUDE_SOURCE;
				MTL_FAST_MATH = YES;
				ONLY_ACTIVE_ARCH = YES;
				SDKROOT = iphoneos;
				SWIFT_ACTIVE_COMPILATION_CONDITIONS = DEBUG;
				SWIFT_OPTIMIZATION_LEVEL = "-Onone";
			};
			name = Debug;
		};
		24506CAB24E2C10F00F5E439 /* Release */ = {
			isa = XCBuildConfiguration;
			buildSettings = {
				ALWAYS_SEARCH_USER_PATHS = NO;
				CLANG_ANALYZER_NONNULL = YES;
				CLANG_ANALYZER_NUMBER_OBJECT_CONVERSION = YES_AGGRESSIVE;
				CLANG_CXX_LANGUAGE_STANDARD = "gnu++14";
				CLANG_CXX_LIBRARY = "libc++";
				CLANG_ENABLE_MODULES = YES;
				CLANG_ENABLE_OBJC_ARC = YES;
				CLANG_ENABLE_OBJC_WEAK = YES;
				CLANG_WARN_BLOCK_CAPTURE_AUTORELEASING = YES;
				CLANG_WARN_BOOL_CONVERSION = YES;
				CLANG_WARN_COMMA = YES;
				CLANG_WARN_CONSTANT_CONVERSION = YES;
				CLANG_WARN_DEPRECATED_OBJC_IMPLEMENTATIONS = YES;
				CLANG_WARN_DIRECT_OBJC_ISA_USAGE = YES_ERROR;
				CLANG_WARN_DOCUMENTATION_COMMENTS = YES;
				CLANG_WARN_EMPTY_BODY = YES;
				CLANG_WARN_ENUM_CONVERSION = YES;
				CLANG_WARN_INFINITE_RECURSION = YES;
				CLANG_WARN_INT_CONVERSION = YES;
				CLANG_WARN_NON_LITERAL_NULL_CONVERSION = YES;
				CLANG_WARN_OBJC_IMPLICIT_RETAIN_SELF = YES;
				CLANG_WARN_OBJC_LITERAL_CONVERSION = YES;
				CLANG_WARN_OBJC_ROOT_CLASS = YES_ERROR;
				CLANG_WARN_RANGE_LOOP_ANALYSIS = YES;
				CLANG_WARN_STRICT_PROTOTYPES = YES;
				CLANG_WARN_SUSPICIOUS_MOVE = YES;
				CLANG_WARN_UNGUARDED_AVAILABILITY = YES_AGGRESSIVE;
				CLANG_WARN_UNREACHABLE_CODE = YES;
				CLANG_WARN__DUPLICATE_METHOD_MATCH = YES;
				COPY_PHASE_STRIP = NO;
				DEBUG_INFORMATION_FORMAT = "dwarf-with-dsym";
				ENABLE_NS_ASSERTIONS = NO;
				ENABLE_STRICT_OBJC_MSGSEND = YES;
				GCC_C_LANGUAGE_STANDARD = gnu11;
				GCC_NO_COMMON_BLOCKS = YES;
				GCC_WARN_64_TO_32_BIT_CONVERSION = YES;
				GCC_WARN_ABOUT_RETURN_TYPE = YES_ERROR;
				GCC_WARN_UNDECLARED_SELECTOR = YES;
				GCC_WARN_UNINITIALIZED_AUTOS = YES_AGGRESSIVE;
				GCC_WARN_UNUSED_FUNCTION = YES;
				GCC_WARN_UNUSED_VARIABLE = YES;
				IPHONEOS_DEPLOYMENT_TARGET = 13.6;
				MTL_ENABLE_DEBUG_INFO = NO;
				MTL_FAST_MATH = YES;
				SDKROOT = iphoneos;
				SWIFT_COMPILATION_MODE = wholemodule;
				SWIFT_OPTIMIZATION_LEVEL = "-O";
				VALIDATE_PRODUCT = YES;
			};
			name = Release;
		};
		24506CAD24E2C10F00F5E439 /* Debug */ = {
			isa = XCBuildConfiguration;
			baseConfigurationReference = A7B5FD928A8112DA44B85F99 /* Pods-Graphs.debug.xcconfig */;
			buildSettings = {
				ASSETCATALOG_COMPILER_APPICON_NAME = AppIcon;
				CODE_SIGN_STYLE = Automatic;
				INFOPLIST_FILE = Graphs/Info.plist;
				LD_RUNPATH_SEARCH_PATHS = (
					"$(inherited)",
					"@executable_path/Frameworks",
				);
				PRODUCT_BUNDLE_IDENTIFIER = MG.Graphs;
				PRODUCT_NAME = "$(TARGET_NAME)";
				SWIFT_VERSION = 5.0;
				TARGETED_DEVICE_FAMILY = "1,2";
			};
			name = Debug;
		};
		24506CAE24E2C10F00F5E439 /* Release */ = {
			isa = XCBuildConfiguration;
			baseConfigurationReference = 261D95856CE15EF3E86ADA03 /* Pods-Graphs.release.xcconfig */;
			buildSettings = {
				ASSETCATALOG_COMPILER_APPICON_NAME = AppIcon;
				CODE_SIGN_STYLE = Automatic;
				INFOPLIST_FILE = Graphs/Info.plist;
				LD_RUNPATH_SEARCH_PATHS = (
					"$(inherited)",
					"@executable_path/Frameworks",
				);
				PRODUCT_BUNDLE_IDENTIFIER = MG.Graphs;
				PRODUCT_NAME = "$(TARGET_NAME)";
				SWIFT_VERSION = 5.0;
				TARGETED_DEVICE_FAMILY = "1,2";
			};
			name = Release;
		};
/* End XCBuildConfiguration section */

/* Begin XCConfigurationList section */
		24506C9324E2C10600F5E439 /* Build configuration list for PBXProject "Graphs" */ = {
			isa = XCConfigurationList;
			buildConfigurations = (
				24506CAA24E2C10F00F5E439 /* Debug */,
				24506CAB24E2C10F00F5E439 /* Release */,
			);
			defaultConfigurationIsVisible = 0;
			defaultConfigurationName = Release;
		};
		24506CAC24E2C10F00F5E439 /* Build configuration list for PBXNativeTarget "Graphs" */ = {
			isa = XCConfigurationList;
			buildConfigurations = (
				24506CAD24E2C10F00F5E439 /* Debug */,
				24506CAE24E2C10F00F5E439 /* Release */,
			);
			defaultConfigurationIsVisible = 0;
			defaultConfigurationName = Release;
		};
/* End XCConfigurationList section */
	};
	rootObject = 24506C9024E2C10600F5E439 /* Project object */;
}
